
Microsoft Visual Studio Solution File, Format Version 12.00
# Visual Studio 14
VisualStudioVersion = 14.0.24720.0
MinimumVisualStudioVersion = 10.0.40219.1
Project("{FAE04EC0-301F-11D3-BF4B-00C04F79EFBC}") = "DbContextMock", "DbContextMock.csproj", "{3B2349B3-B50E-488D-89EB-4DEA8333EFA3}"
EndProject
Project("{FAE04EC0-301F-11D3-BF4B-00C04F79EFBC}") = "DbContextMock.Test", "DbContextMock.Test\DbContextMock.Test.csproj", "{EE391B97-6444-4E09-8684-0BEE14FA9419}"
EndProject
Global
	GlobalSection(SolutionConfigurationPlatforms) = preSolution
		Debug|Any CPU = Debug|Any CPU
		Release|Any CPU = Release|Any CPU
	EndGlobalSection
	GlobalSection(ProjectConfigurationPlatforms) = postSolution
		{3B2349B3-B50E-488D-89EB-4DEA8333EFA3}.Debug|Any CPU.ActiveCfg = Debug|Any CPU
		{3B2349B3-B50E-488D-89EB-4DEA8333EFA3}.Debug|Any CPU.Build.0 = Debug|Any CPU
		{3B2349B3-B50E-488D-89EB-4DEA8333EFA3}.Release|Any CPU.ActiveCfg = Release|Any CPU
		{3B2349B3-B50E-488D-89EB-4DEA8333EFA3}.Release|Any CPU.Build.0 = Release|Any CPU
		{EE391B97-6444-4E09-8684-0BEE14FA9419}.Debug|Any CPU.ActiveCfg = Debug|Any CPU
		{EE391B97-6444-4E09-8684-0BEE14FA9419}.Debug|Any CPU.Build.0 = Debug|Any CPU
		{EE391B97-6444-4E09-8684-0BEE14FA9419}.Release|Any CPU.ActiveCfg = Release|Any CPU
		{EE391B97-6444-4E09-8684-0BEE14FA9419}.Release|Any CPU.Build.0 = Release|Any CPU
	EndGlobalSection
	GlobalSection(SolutionProperties) = preSolution
		HideSolutionNode = FALSE
	EndGlobalSection
EndGlobal
